<?xml version="1.0" encoding="utf-8"?>
<Project ToolsVersion="4.0" xmlns:atg="http://atg.xbox.com" xmlns="http://schemas.microsoft.com/developer/msbuild/2003">
  <ItemGroup>
    <Filter Include="Resource Files">
      <UniqueIdentifier>{8e114980-c1a3-4ada-ad7c-83caadf5daeb}</UniqueIdentifier>
      <Extensions>rc;ico;cur;bmp;dlg;rc2;rct;bin;rgs;gif;jpg;jpeg;jpe</Extensions>
    </Filter>
    <Filter Include="Shaders">
      <UniqueIdentifier>{2c3d4c8c-5d1a-459a-a05a-a4e4b608a44e}</UniqueIdentifier>
      <Extensions>fx;fxh;hlsl</Extensions>
    </Filter>
    <Filter Include="GameObjects">
      <UniqueIdentifier>{c7260ff0-62dc-42b0-9fae-83ef87275b5c}</UniqueIdentifier>
    </Filter>
    <Filter Include="Structures">
      <UniqueIdentifier>{48d06044-5f0b-43be-b279-ca08670be0f8}</UniqueIdentifier>
    </Filter>
    <Filter Include="Dependencies">
      <UniqueIdentifier>{94945e36-9990-4c6b-92c0-8ed391121f4d}</UniqueIdentifier>
    </Filter>
    <Filter Include="Engine">
      <UniqueIdentifier>{7c4d20c6-1d17-4084-a847-a20e999b5998}</UniqueIdentifier>
    </Filter>
    <Filter Include="Engine\EngineComponent">
      <UniqueIdentifier>{bcee61a9-7895-4015-a107-45b913f570da}</UniqueIdentifier>
    </Filter>
    <Filter Include="Engine\Bindables">
      <UniqueIdentifier>{c28627e2-0d03-4f87-a1ed-d94bb204d9fe}</UniqueIdentifier>
    </Filter>
  </ItemGroup>
  <ItemGroup>
    <ClInclude Include="Application.h" />
    <ClInclude Include="DDSTextureLoader.h" />
    <ClInclude Include="GraphicComponent.h">
      <Filter>Engine\EngineComponent</Filter>
    </ClInclude>
    <ClInclude Include="ObjectComponent.h">
      <Filter>GameObjects</Filter>
    </ClInclude>
    <ClInclude Include="Star.h">
      <Filter>GameObjects</Filter>
    </ClInclude>
    <ClInclude Include="ShaderComponent.h">
      <Filter>Engine\EngineComponent</Filter>
    </ClInclude>
    <ClInclude Include="LightingValuesStructure.h">
      <Filter>Structures</Filter>
    </ClInclude>
    <ClInclude Include="ConstantStructure.h">
      <Filter>Structures</Filter>
    </ClInclude>
    <ClInclude Include="MeshStructure.h">
      <Filter>Structures</Filter>
    </ClInclude>
    <ClInclude Include="SimpleVertexStructure.h">
      <Filter>Structures</Filter>
    </ClInclude>
    <ClInclude Include="OBJLoader.h">
      <Filter>Dependencies</Filter>
    </ClInclude>
    <ClInclude Include="TextureComponent.h">
      <Filter>Engine\EngineComponent</Filter>
    </ClInclude>
    <ClInclude Include="TimeStructure.h">
      <Filter>Structures</Filter>
    </ClInclude>
    <ClInclude Include="Plane.h">
      <Filter>GameObjects</Filter>
    </ClInclude>
    <ClInclude Include="Sphere.h">
      <Filter>GameObjects</Filter>
    </ClInclude>
    <ClInclude Include="CameraComponent.h" />
    <ClInclude Include="Cube.h" />
    <ClInclude Include="TerrainPlane.h" />
    <ClInclude Include="Vertex_Index_Component.h" />
    <ClInclude Include="SkyBox.h" />
    <ClInclude Include="IndexBuffer.h" />
    <ClInclude Include="VertexBuffer.h">
      <Filter>Engine\Bindables</Filter>
    </ClInclude>
    <ClInclude Include="Bindable.h">
      <Filter>Engine\Bindables</Filter>
    </ClInclude>
    <ClInclude Include="VertexShader.h">
      <Filter>Engine\Bindables</Filter>
    </ClInclude>
  </ItemGroup>
  <ItemGroup>
    <ClCompile Include="Application.cpp" />
    <ClCompile Include="DX11 Framework.cpp" />
    <ClCompile Include="DDSTextureLoader.cpp" />
    <ClCompile Include="GraphicComponent.cpp">
      <Filter>Engine\EngineComponent</Filter>
    </ClCompile>
    <ClCompile Include="ObjectComponent.cpp">
      <Filter>GameObjects</Filter>
    </ClCompile>
    <ClCompile Include="ShaderComponent.cpp">
      <Filter>Engine\EngineComponent</Filter>
    </ClCompile>
    <ClCompile Include="OBJLoader.cpp">
      <Filter>Dependencies</Filter>
    </ClCompile>
    <ClCompile Include="TextureComponent.cpp">
      <Filter>Engine\EngineComponent</Filter>
    </ClCompile>
    <ClCompile Include="CameraComponent.cpp" />
    <ClCompile Include="Cube.cpp" />
    <ClCompile Include="TerrainPlane.cpp" />
    <ClCompile Include="Star.cpp" />
    <ClCompile Include="Plane.cpp" />
    <ClCompile Include="SkyBox.cpp" />
    <ClCompile Include="Entities.cpp" />
    <ClCompile Include="IndexBuffer.cpp" />
    <ClCompile Include="VertexBuffer.cpp">
      <Filter>Engine\Bindables</Filter>
    </ClCompile>
    <ClCompile Include="VertexShader.cpp" />
  </ItemGroup>
  <ItemGroup>
    <CLInclude Include="resource.h">
      <Filter>Resource Files</Filter>
    </CLInclude>
  </ItemGroup>
  <ItemGroup>
    <None Include="DX11 Framework.fx">
      <Filter>Shaders</Filter>
    </None>
  </ItemGroup>
  <ItemGroup>
    <ResourceCompile Include="DX11 Framework.rc">
      <Filter>Resource Files</Filter>
    </ResourceCompile>
  </ItemGroup>
</Project>