<?xml version="1.0" encoding="utf-8"?>
<Project ToolsVersion="4.0" xmlns:atg="http://atg.xbox.com" xmlns="http://schemas.microsoft.com/developer/msbuild/2003">
  <ItemGroup>
    <Filter Include="Resource Files">
      <UniqueIdentifier>{8e114980-c1a3-4ada-ad7c-83caadf5daeb}</UniqueIdentifier>
      <Extensions>rc;ico;cur;bmp;dlg;rc2;rct;bin;rgs;gif;jpg;jpeg;jpe</Extensions>
    </Filter>
    <Filter Include="Shaders">
      <UniqueIdentifier>{2c3d4c8c-5d1a-459a-a05a-a4e4b608a44e}</UniqueIdentifier>
      <Extensions>fx;fxh;hlsl</Extensions>
    </Filter>
    <Filter Include="EngineComponent">
      <UniqueIdentifier>{bcee61a9-7895-4015-a107-45b913f570da}</UniqueIdentifier>
    </Filter>
    <Filter Include="GameObjects">
      <UniqueIdentifier>{c7260ff0-62dc-42b0-9fae-83ef87275b5c}</UniqueIdentifier>
    </Filter>
    <Filter Include="Structures">
      <UniqueIdentifier>{48d06044-5f0b-43be-b279-ca08670be0f8}</UniqueIdentifier>
    </Filter>
    <Filter Include="Dependencies">
      <UniqueIdentifier>{94945e36-9990-4c6b-92c0-8ed391121f4d}</UniqueIdentifier>
    </Filter>
    <Filter Include="EngineComponent\Cameras">
      <UniqueIdentifier>{e3c959fa-5056-4c95-a7c3-05849401b7d7}</UniqueIdentifier>
    </Filter>
    <Filter Include="EngineComponent\Texture">
      <UniqueIdentifier>{4fdcb510-cb1a-48c0-baab-0bf56ac00d90}</UniqueIdentifier>
    </Filter>
    <Filter Include="EngineComponent\DX11">
      <UniqueIdentifier>{6af90f6e-44b0-4a60-84ee-58fc5b6e044e}</UniqueIdentifier>
    </Filter>
    <Filter Include="EngineComponent\Shaders">
      <UniqueIdentifier>{ad7db6e8-cc5d-4efd-a866-1825a6529233}</UniqueIdentifier>
    </Filter>
    <Filter Include="EngineComponent\ShaderCompiler">
      <UniqueIdentifier>{f1025512-adfa-4c44-81e1-e6d7d311bab5}</UniqueIdentifier>
    </Filter>
    <Filter Include="EngineComponent\Pipeline">
      <UniqueIdentifier>{5aa10aaa-dbb2-4412-8596-dc075d747b07}</UniqueIdentifier>
    </Filter>
    <Filter Include="Components">
      <UniqueIdentifier>{9f780d59-acb2-473d-b702-a718b57a96aa}</UniqueIdentifier>
    </Filter>
    <Filter Include="Components\Graphics">
      <UniqueIdentifier>{6d66a018-64dd-46a0-aafd-c336ac08b6b3}</UniqueIdentifier>
    </Filter>
    <Filter Include="Components\Objects">
      <UniqueIdentifier>{24869a28-a8c1-45a4-803e-4b377d03bef4}</UniqueIdentifier>
    </Filter>
  </ItemGroup>
  <ItemGroup>
    <ClInclude Include="Application.h" />
    <ClInclude Include="ObjectComponent.h">
      <Filter>GameObjects</Filter>
    </ClInclude>
    <ClInclude Include="Star.h">
      <Filter>GameObjects</Filter>
    </ClInclude>
    <ClInclude Include="MeshStructure.h">
      <Filter>Structures</Filter>
    </ClInclude>
    <ClInclude Include="SimpleVertexStructure.h">
      <Filter>Structures</Filter>
    </ClInclude>
    <ClInclude Include="OBJLoader.h">
      <Filter>Dependencies</Filter>
    </ClInclude>
    <ClInclude Include="TimeStructure.h">
      <Filter>Structures</Filter>
    </ClInclude>
    <ClInclude Include="StaticDefaultCamera.h">
      <Filter>EngineComponent\Cameras</Filter>
    </ClInclude>
    <ClInclude Include="TextureComponent.h">
      <Filter>EngineComponent\Texture</Filter>
    </ClInclude>
    <ClInclude Include="DDSTextureLoader.h">
      <Filter>Dependencies</Filter>
    </ClInclude>
    <ClInclude Include="DX.h">
      <Filter>EngineComponent\DX11</Filter>
    </ClInclude>
    <ClInclude Include="PixelShader.h">
      <Filter>EngineComponent\Shaders</Filter>
    </ClInclude>
    <ClInclude Include="VertexShader.h">
      <Filter>EngineComponent\Shaders</Filter>
    </ClInclude>
    <ClInclude Include="RenderCommands.h">
      <Filter>EngineComponent\Pipeline</Filter>
    </ClInclude>
    <ClInclude Include="ShaderCompiler.h">
      <Filter>EngineComponent\ShaderCompiler</Filter>
    </ClInclude>
    <ClInclude Include="Transformation.h">
      <Filter>Components\Objects</Filter>
    </ClInclude>
    <ClInclude Include="CameraComponent.h">
      <Filter>Components\Objects</Filter>
    </ClInclude>
    <ClInclude Include="Materials.h">
      <Filter>Components\Graphics</Filter>
    </ClInclude>
    <ClInclude Include="ConstantStructure.h">
      <Filter>Components\Graphics</Filter>
    </ClInclude>
    <ClInclude Include="Lighting.h">
      <Filter>Components\Graphics</Filter>
    </ClInclude>
    <ClInclude Include="GraphicInclude.h">
      <Filter>Components</Filter>
    </ClInclude>
    <ClInclude Include="Surface.h">
      <Filter>Components\Objects</Filter>
    </ClInclude>
    <ClInclude Include="Object.h">
      <Filter>Components\Objects</Filter>
    </ClInclude>
    <ClInclude Include="Scene.h">
      <Filter>GameObjects</Filter>
    </ClInclude>
    <ClInclude Include="Draw.h" />
  </ItemGroup>
  <ItemGroup>
    <ClCompile Include="Application.cpp" />
    <ClCompile Include="DX11 Framework.cpp" />
    <ClCompile Include="ObjectComponent.cpp">
      <Filter>GameObjects</Filter>
    </ClCompile>
    <ClCompile Include="OBJLoader.cpp">
      <Filter>Dependencies</Filter>
    </ClCompile>
    <ClCompile Include="TextureComponent.cpp">
      <Filter>EngineComponent\Texture</Filter>
    </ClCompile>
    <ClCompile Include="DDSTextureLoader.cpp">
      <Filter>Dependencies</Filter>
    </ClCompile>
    <ClCompile Include="DX.cpp">
      <Filter>EngineComponent\DX11</Filter>
    </ClCompile>
  </ItemGroup>
  <ItemGroup>
    <CLInclude Include="resource.h">
      <Filter>Resource Files</Filter>
    </CLInclude>
  </ItemGroup>
  <ItemGroup>
    <None Include="DX11 Framework.fx">
      <Filter>Shaders</Filter>
    </None>
    <None Include="Terrain.fx">
      <Filter>Shaders</Filter>
    </None>
    <None Include="FGAGSDiagram.cd" />
  </ItemGroup>
  <ItemGroup>
    <ResourceCompile Include="DX11 Framework.rc">
      <Filter>Resource Files</Filter>
    </ResourceCompile>
  </ItemGroup>
</Project>