<?xml version="1.0" encoding="utf-8"?>
<Project ToolsVersion="4.0" xmlns:atg="http://atg.xbox.com" xmlns="http://schemas.microsoft.com/developer/msbuild/2003">
  <ItemGroup>
    <Filter Include="Resource Files">
      <UniqueIdentifier>{8e114980-c1a3-4ada-ad7c-83caadf5daeb}</UniqueIdentifier>
      <Extensions>rc;ico;cur;bmp;dlg;rc2;rct;bin;rgs;gif;jpg;jpeg;jpe</Extensions>
    </Filter>
    <Filter Include="Shaders">
      <UniqueIdentifier>{2c3d4c8c-5d1a-459a-a05a-a4e4b608a44e}</UniqueIdentifier>
      <Extensions>fx;fxh;hlsl</Extensions>
    </Filter>
    <Filter Include="Structures">
      <UniqueIdentifier>{9402243a-9882-4362-9d41-5bd75cfb6c04}</UniqueIdentifier>
    </Filter>
  </ItemGroup>
  <ItemGroup>
    <ClInclude Include="Application.h" />
    <ClInclude Include="DDSTextureLoader.h" />
    <ClInclude Include="OBJLoader.h" />
    <ClInclude Include="GraphicComponents.h" />
    <ClInclude Include="MeshStructure.h">
      <Filter>Structures</Filter>
    </ClInclude>
    <ClInclude Include="VertexStruct.h">
      <Filter>Structures</Filter>
    </ClInclude>
    <ClInclude Include="ConstantStruct.h">
      <Filter>Structures</Filter>
    </ClInclude>
    <ClInclude Include="GameObjects.h" />
    <ClInclude Include="ShaderComponent.h" />
  </ItemGroup>
  <ItemGroup>
    <ClCompile Include="Application.cpp" />
    <ClCompile Include="DX11 Framework.cpp" />
    <ClCompile Include="DDSTextureLoader.cpp" />
    <ClCompile Include="OBJLoader.cpp" />
    <ClCompile Include="GraphicComponents.cpp" />
    <ClCompile Include="GameObjects.cpp" />
    <ClCompile Include="ShaderComponent.cpp" />
  </ItemGroup>
  <ItemGroup>
    <CLInclude Include="resource.h">
      <Filter>Resource Files</Filter>
    </CLInclude>
  </ItemGroup>
  <ItemGroup>
    <None Include="DX11 Framework.fx">
      <Filter>Shaders</Filter>
    </None>
  </ItemGroup>
  <ItemGroup>
    <ResourceCompile Include="DX11 Framework.rc">
      <Filter>Resource Files</Filter>
    </ResourceCompile>
  </ItemGroup>
</Project>